
Microsoft Visual Studio Solution File, Format Version 12.00
# Visual Studio 14
VisualStudioVersion = 14.0.25420.1
MinimumVisualStudioVersion = 10.0.40219.1
Project("{F184B08F-C81C-45F6-A57F-5ABD9991F28F}") = "2.1 Aritméticas VB", "2.1 Aritméticas VB\2.1 Aritméticas VB.vbproj", "{182D9E47-42AC-478C-AAC5-5951522AD829}"
EndProject
Project("{FAE04EC0-301F-11D3-BF4B-00C04F79EFBC}") = "2.1 Aritméticas CS", "2.1 Aritméticas CS\2.1 Aritméticas CS.csproj", "{496E73C2-7D45-4D35-8686-96DB1AFC9EC4}"
EndProject
Project("{F184B08F-C81C-45F6-A57F-5ABD9991F28F}") = "2.2 Redondeo VB", "2.2 Redondeo VB\2.2 Redondeo VB.vbproj", "{2A1562B4-B9BB-4E4A-8A33-3DDACEE0FC3F}"
EndProject
Project("{FAE04EC0-301F-11D3-BF4B-00C04F79EFBC}") = "2.2 Redondeo CS", "2.2 Redondeo CS\2.2 Redondeo CS.csproj", "{E1DACF6F-A1D1-449D-BC47-D91BA82C149D}"
EndProject
Project("{F184B08F-C81C-45F6-A57F-5ABD9991F28F}") = "2.3 Mayor VB", "2.3 Mayor VB\2.3 Mayor VB.vbproj", "{47CFE0D8-0CC1-4A6B-A597-12F4BC7FEFEF}"
EndProject
Project("{FAE04EC0-301F-11D3-BF4B-00C04F79EFBC}") = "2.3 Mayor CS", "2.3 Mayor CS\2.3 Mayor CS.csproj", "{E558B314-D260-46C0-940C-B2C4C1C3AFC8}"
EndProject
Project("{F184B08F-C81C-45F6-A57F-5ABD9991F28F}") = "2.4 SumaPromedio VB", "2.4 SumaPromedio VB\2.4 SumaPromedio VB.vbproj", "{9DC08B4F-FDF7-4EB8-94B2-D84F54375ACE}"
EndProject
Project("{FAE04EC0-301F-11D3-BF4B-00C04F79EFBC}") = "2.4 SumaPromedio CS", "2.4 SumaPromedio CS\2.4 SumaPromedio CS.csproj", "{333F6DB8-09C0-43D7-B45E-E31AA67AB649}"
EndProject
Project("{F184B08F-C81C-45F6-A57F-5ABD9991F28F}") = "2.5 Interes VB", "2.5 Interes VB\2.5 Interes VB.vbproj", "{49CF2AF2-2780-4AE5-B693-C30347BE7512}"
EndProject
Project("{FAE04EC0-301F-11D3-BF4B-00C04F79EFBC}") = "2.5 Interes CS", "2.5 Interes CS\2.5 Interes CS.csproj", "{629AE0AB-3CA3-4942-9854-A7F291FE5F88}"
EndProject
Global
	GlobalSection(SolutionConfigurationPlatforms) = preSolution
		Debug|Any CPU = Debug|Any CPU
		Release|Any CPU = Release|Any CPU
	EndGlobalSection
	GlobalSection(ProjectConfigurationPlatforms) = postSolution
		{182D9E47-42AC-478C-AAC5-5951522AD829}.Debug|Any CPU.ActiveCfg = Debug|Any CPU
		{182D9E47-42AC-478C-AAC5-5951522AD829}.Debug|Any CPU.Build.0 = Debug|Any CPU
		{182D9E47-42AC-478C-AAC5-5951522AD829}.Release|Any CPU.ActiveCfg = Release|Any CPU
		{182D9E47-42AC-478C-AAC5-5951522AD829}.Release|Any CPU.Build.0 = Release|Any CPU
		{496E73C2-7D45-4D35-8686-96DB1AFC9EC4}.Debug|Any CPU.ActiveCfg = Debug|Any CPU
		{496E73C2-7D45-4D35-8686-96DB1AFC9EC4}.Debug|Any CPU.Build.0 = Debug|Any CPU
		{496E73C2-7D45-4D35-8686-96DB1AFC9EC4}.Release|Any CPU.ActiveCfg = Release|Any CPU
		{496E73C2-7D45-4D35-8686-96DB1AFC9EC4}.Release|Any CPU.Build.0 = Release|Any CPU
		{2A1562B4-B9BB-4E4A-8A33-3DDACEE0FC3F}.Debug|Any CPU.ActiveCfg = Debug|Any CPU
		{2A1562B4-B9BB-4E4A-8A33-3DDACEE0FC3F}.Debug|Any CPU.Build.0 = Debug|Any CPU
		{2A1562B4-B9BB-4E4A-8A33-3DDACEE0FC3F}.Release|Any CPU.ActiveCfg = Release|Any CPU
		{2A1562B4-B9BB-4E4A-8A33-3DDACEE0FC3F}.Release|Any CPU.Build.0 = Release|Any CPU
		{E1DACF6F-A1D1-449D-BC47-D91BA82C149D}.Debug|Any CPU.ActiveCfg = Debug|Any CPU
		{E1DACF6F-A1D1-449D-BC47-D91BA82C149D}.Debug|Any CPU.Build.0 = Debug|Any CPU
		{E1DACF6F-A1D1-449D-BC47-D91BA82C149D}.Release|Any CPU.ActiveCfg = Release|Any CPU
		{E1DACF6F-A1D1-449D-BC47-D91BA82C149D}.Release|Any CPU.Build.0 = Release|Any CPU
		{47CFE0D8-0CC1-4A6B-A597-12F4BC7FEFEF}.Debug|Any CPU.ActiveCfg = Debug|Any CPU
		{47CFE0D8-0CC1-4A6B-A597-12F4BC7FEFEF}.Debug|Any CPU.Build.0 = Debug|Any CPU
		{47CFE0D8-0CC1-4A6B-A597-12F4BC7FEFEF}.Release|Any CPU.ActiveCfg = Release|Any CPU
		{47CFE0D8-0CC1-4A6B-A597-12F4BC7FEFEF}.Release|Any CPU.Build.0 = Release|Any CPU
		{E558B314-D260-46C0-940C-B2C4C1C3AFC8}.Debug|Any CPU.ActiveCfg = Debug|Any CPU
		{E558B314-D260-46C0-940C-B2C4C1C3AFC8}.Debug|Any CPU.Build.0 = Debug|Any CPU
		{E558B314-D260-46C0-940C-B2C4C1C3AFC8}.Release|Any CPU.ActiveCfg = Release|Any CPU
		{E558B314-D260-46C0-940C-B2C4C1C3AFC8}.Release|Any CPU.Build.0 = Release|Any CPU
		{9DC08B4F-FDF7-4EB8-94B2-D84F54375ACE}.Debug|Any CPU.ActiveCfg = Debug|Any CPU
		{9DC08B4F-FDF7-4EB8-94B2-D84F54375ACE}.Debug|Any CPU.Build.0 = Debug|Any CPU
		{9DC08B4F-FDF7-4EB8-94B2-D84F54375ACE}.Release|Any CPU.ActiveCfg = Release|Any CPU
		{9DC08B4F-FDF7-4EB8-94B2-D84F54375ACE}.Release|Any CPU.Build.0 = Release|Any CPU
		{333F6DB8-09C0-43D7-B45E-E31AA67AB649}.Debug|Any CPU.ActiveCfg = Debug|Any CPU
		{333F6DB8-09C0-43D7-B45E-E31AA67AB649}.Debug|Any CPU.Build.0 = Debug|Any CPU
		{333F6DB8-09C0-43D7-B45E-E31AA67AB649}.Release|Any CPU.ActiveCfg = Release|Any CPU
		{333F6DB8-09C0-43D7-B45E-E31AA67AB649}.Release|Any CPU.Build.0 = Release|Any CPU
		{49CF2AF2-2780-4AE5-B693-C30347BE7512}.Debug|Any CPU.ActiveCfg = Debug|Any CPU
		{49CF2AF2-2780-4AE5-B693-C30347BE7512}.Debug|Any CPU.Build.0 = Debug|Any CPU
		{49CF2AF2-2780-4AE5-B693-C30347BE7512}.Release|Any CPU.ActiveCfg = Release|Any CPU
		{49CF2AF2-2780-4AE5-B693-C30347BE7512}.Release|Any CPU.Build.0 = Release|Any CPU
		{629AE0AB-3CA3-4942-9854-A7F291FE5F88}.Debug|Any CPU.ActiveCfg = Debug|Any CPU
		{629AE0AB-3CA3-4942-9854-A7F291FE5F88}.Debug|Any CPU.Build.0 = Debug|Any CPU
		{629AE0AB-3CA3-4942-9854-A7F291FE5F88}.Release|Any CPU.ActiveCfg = Release|Any CPU
		{629AE0AB-3CA3-4942-9854-A7F291FE5F88}.Release|Any CPU.Build.0 = Release|Any CPU
	EndGlobalSection
	GlobalSection(SolutionProperties) = preSolution
		HideSolutionNode = FALSE
	EndGlobalSection
EndGlobal
